<?xml version="1.0" encoding="utf-8"?>
<Project ToolsVersion="4.0" xmlns="http://schemas.microsoft.com/developer/msbuild/2003">
  <ItemGroup>
    <Filter Include="Source Files">
      <UniqueIdentifier>{4FC737F1-C7A5-4376-A066-2A32D752A2FF}</UniqueIdentifier>
      <Extensions>cpp;c;cc;cxx;c++;cppm;ixx;def;odl;idl;hpj;bat;asm;asmx</Extensions>
    </Filter>
    <Filter Include="Header Files">
      <UniqueIdentifier>{93995380-89BD-4b04-88EB-625FBE52EBFB}</UniqueIdentifier>
      <Extensions>h;hh;hpp;hxx;h++;hm;inl;inc;ipp;xsd</Extensions>
    </Filter>
    <Filter Include="Resource Files">
      <UniqueIdentifier>{67DA6AB6-F800-4c08-8B7A-83BB121AAD01}</UniqueIdentifier>
      <Extensions>rc;ico;cur;bmp;dlg;rc2;rct;bin;rgs;gif;jpg;jpeg;jpe;resx;tiff;tif;png;wav;mfcribbon-ms</Extensions>
    </Filter>
    <Filter Include="Resource Files\INCLUDE">
      <UniqueIdentifier>{0d67d46c-e6ae-42cb-83ea-9d4067436521}</UniqueIdentifier>
    </Filter>
  </ItemGroup>
  <ItemGroup>
    <ClCompile Include="main.cpp">
      <Filter>Source Files</Filter>
    </ClCompile>
    <ClCompile Include="triggers.cpp">
      <Filter>Source Files</Filter>
    </ClCompile>
    <ClCompile Include="utils.cpp">
      <Filter>Source Files</Filter>
    </ClCompile>
    <ClCompile Include="mouseEvent.cpp">
      <Filter>Source Files</Filter>
    </ClCompile>
    <ClCompile Include="toolboxColors.cpp">
      <Filter>Source Files</Filter>
    </ClCompile>
    <ClCompile Include="toolbox.cpp">
      <Filter>Source Files</Filter>
    </ClCompile>
    <ClCompile Include="border.cpp">
      <Filter>Source Files</Filter>
    </ClCompile>
    <ClCompile Include="drawingMethods.cpp">
      <Filter>Source Files</Filter>
    </ClCompile>
    <ClCompile Include="DIRECTX_IMPLEMENT.cpp">
      <Filter>Source Files</Filter>
    </ClCompile>
  </ItemGroup>
  <ItemGroup>
    <ClInclude Include="settings.h">
      <Filter>Header Files</Filter>
    </ClInclude>
    <ClInclude Include="triggers.h">
      <Filter>Header Files</Filter>
    </ClInclude>
    <ClInclude Include="utils.h">
      <Filter>Header Files</Filter>
    </ClInclude>
    <ClInclude Include="mouseEvent.h">
      <Filter>Header Files</Filter>
    </ClInclude>
    <ClInclude Include="toolboxColors.h">
      <Filter>Header Files</Filter>
    </ClInclude>
    <ClInclude Include="toolbox.h">
      <Filter>Header Files</Filter>
    </ClInclude>
    <ClInclude Include="border.h">
      <Filter>Header Files</Filter>
    </ClInclude>
    <ClInclude Include="imgui\imstb_truetype.h">
      <Filter>Resource Files\INCLUDE</Filter>
    </ClInclude>
    <ClInclude Include="dx\d2d1.h">
      <Filter>Resource Files\INCLUDE</Filter>
    </ClInclude>
    <ClInclude Include="dx\d2d1_1.h">
      <Filter>Resource Files\INCLUDE</Filter>
    </ClInclude>
    <ClInclude Include="dx\d2d1_1helper.h">
      <Filter>Resource Files\INCLUDE</Filter>
    </ClInclude>
    <ClInclude Include="dx\d2d1_2.h">
      <Filter>Resource Files\INCLUDE</Filter>
    </ClInclude>
    <ClInclude Include="dx\d2d1_2helper.h">
      <Filter>Resource Files\INCLUDE</Filter>
    </ClInclude>
    <ClInclude Include="dx\d2d1_3.h">
      <Filter>Resource Files\INCLUDE</Filter>
    </ClInclude>
    <ClInclude Include="dx\d2d1_3helper.h">
      <Filter>Resource Files\INCLUDE</Filter>
    </ClInclude>
    <ClInclude Include="dx\d2d1effectauthor.h">
      <Filter>Resource Files\INCLUDE</Filter>
    </ClInclude>
    <ClInclude Include="dx\d2d1effectauthor_1.h">
      <Filter>Resource Files\INCLUDE</Filter>
    </ClInclude>
    <ClInclude Include="dx\d2d1effecthelpers.h">
      <Filter>Resource Files\INCLUDE</Filter>
    </ClInclude>
    <ClInclude Include="dx\d2d1effects.h">
      <Filter>Resource Files\INCLUDE</Filter>
    </ClInclude>
    <ClInclude Include="dx\d2d1effects_1.h">
      <Filter>Resource Files\INCLUDE</Filter>
    </ClInclude>
    <ClInclude Include="dx\d2d1helper.h">
      <Filter>Resource Files\INCLUDE</Filter>
    </ClInclude>
    <ClInclude Include="dx\d2dbasetypes.h">
      <Filter>Resource Files\INCLUDE</Filter>
    </ClInclude>
    <ClInclude Include="dx\d2derr.h">
      <Filter>Resource Files\INCLUDE</Filter>
    </ClInclude>
    <ClInclude Include="dx\d3d.h">
      <Filter>Resource Files\INCLUDE</Filter>
    </ClInclude>
    <ClInclude Include="dx\d3d8.h">
      <Filter>Resource Files\INCLUDE</Filter>
    </ClInclude>
    <ClInclude Include="dx\d3d8caps.h">
      <Filter>Resource Files\INCLUDE</Filter>
    </ClInclude>
    <ClInclude Include="dx\d3d8types.h">
      <Filter>Resource Files\INCLUDE</Filter>
    </ClInclude>
    <ClInclude Include="dx\d3d9.h">
      <Filter>Resource Files\INCLUDE</Filter>
    </ClInclude>
    <ClInclude Include="dx\d3d9caps.h">
      <Filter>Resource Files\INCLUDE</Filter>
    </ClInclude>
    <ClInclude Include="dx\d3d9types.h">
      <Filter>Resource Files\INCLUDE</Filter>
    </ClInclude>
    <ClInclude Include="dx\d3d10.h">
      <Filter>Resource Files\INCLUDE</Filter>
    </ClInclude>
    <ClInclude Include="dx\d3d10_1.h">
      <Filter>Resource Files\INCLUDE</Filter>
    </ClInclude>
    <ClInclude Include="dx\d3d10_1shader.h">
      <Filter>Resource Files\INCLUDE</Filter>
    </ClInclude>
    <ClInclude Include="dx\d3d10effect.h">
      <Filter>Resource Files\INCLUDE</Filter>
    </ClInclude>
    <ClInclude Include="dx\d3d10misc.h">
      <Filter>Resource Files\INCLUDE</Filter>
    </ClInclude>
    <ClInclude Include="dx\d3d10sdklayers.h">
      <Filter>Resource Files\INCLUDE</Filter>
    </ClInclude>
    <ClInclude Include="dx\d3d10shader.h">
      <Filter>Resource Files\INCLUDE</Filter>
    </ClInclude>
    <ClInclude Include="dx\d3d11.h">
      <Filter>Resource Files\INCLUDE</Filter>
    </ClInclude>
    <ClInclude Include="dx\d3d11_1.h">
      <Filter>Resource Files\INCLUDE</Filter>
    </ClInclude>
    <ClInclude Include="dx\d3d11_2.h">
      <Filter>Resource Files\INCLUDE</Filter>
    </ClInclude>
    <ClInclude Include="dx\d3d11_3.h">
      <Filter>Resource Files\INCLUDE</Filter>
    </ClInclude>
    <ClInclude Include="dx\d3d11_4.h">
      <Filter>Resource Files\INCLUDE</Filter>
    </ClInclude>
    <ClInclude Include="dx\d3d11sdklayers.h">
      <Filter>Resource Files\INCLUDE</Filter>
    </ClInclude>
    <ClInclude Include="dx\d3d11shader.h">
      <Filter>Resource Files\INCLUDE</Filter>
    </ClInclude>
    <ClInclude Include="dx\d3d11shadertracing.h">
      <Filter>Resource Files\INCLUDE</Filter>
    </ClInclude>
    <ClInclude Include="dx\d3d12.h">
      <Filter>Resource Files\INCLUDE</Filter>
    </ClInclude>
    <ClInclude Include="dx\d3d12sdklayers.h">
      <Filter>Resource Files\INCLUDE</Filter>
    </ClInclude>
    <ClInclude Include="dx\d3d12shader.h">
      <Filter>Resource Files\INCLUDE</Filter>
    </ClInclude>
    <ClInclude Include="dx\d3d12video.h">
      <Filter>Resource Files\INCLUDE</Filter>
    </ClInclude>
    <ClInclude Include="dx\d3dcaps.h">
      <Filter>Resource Files\INCLUDE</Filter>
    </ClInclude>
    <ClInclude Include="dx\d3dcommon.h">
      <Filter>Resource Files\INCLUDE</Filter>
    </ClInclude>
    <ClInclude Include="dx\d3dcompiler.h">
      <Filter>Resource Files\INCLUDE</Filter>
    </ClInclude>
    <ClInclude Include="dx\d3dcsx.h">
      <Filter>Resource Files\INCLUDE</Filter>
    </ClInclude>
    <ClInclude Include="dx\d3dtypes.h">
      <Filter>Resource Files\INCLUDE</Filter>
    </ClInclude>
    <ClInclude Include="dx\d3dx9.h">
      <Filter>Resource Files\INCLUDE</Filter>
    </ClInclude>
    <ClInclude Include="dx\d3dx9anim.h">
      <Filter>Resource Files\INCLUDE</Filter>
    </ClInclude>
    <ClInclude Include="dx\d3dx9core.h">
      <Filter>Resource Files\INCLUDE</Filter>
    </ClInclude>
    <ClInclude Include="dx\d3dx9effect.h">
      <Filter>Resource Files\INCLUDE</Filter>
    </ClInclude>
    <ClInclude Include="dx\d3dx9math.h">
      <Filter>Resource Files\INCLUDE</Filter>
    </ClInclude>
    <ClInclude Include="dx\d3dx9mesh.h">
      <Filter>Resource Files\INCLUDE</Filter>
    </ClInclude>
    <ClInclude Include="dx\d3dx9shader.h">
      <Filter>Resource Files\INCLUDE</Filter>
    </ClInclude>
    <ClInclude Include="dx\d3dx9shape.h">
      <Filter>Resource Files\INCLUDE</Filter>
    </ClInclude>
    <ClInclude Include="dx\d3dx9tex.h">
      <Filter>Resource Files\INCLUDE</Filter>
    </ClInclude>
    <ClInclude Include="dx\d3dx9xof.h">
      <Filter>Resource Files\INCLUDE</Filter>
    </ClInclude>
    <ClInclude Include="dx\d3dx10.h">
      <Filter>Resource Files\INCLUDE</Filter>
    </ClInclude>
    <ClInclude Include="dx\d3dx10async.h">
      <Filter>Resource Files\INCLUDE</Filter>
    </ClInclude>
    <ClInclude Include="dx\d3dx10core.h">
      <Filter>Resource Files\INCLUDE</Filter>
    </ClInclude>
    <ClInclude Include="dx\d3dx10math.h">
      <Filter>Resource Files\INCLUDE</Filter>
    </ClInclude>
    <ClInclude Include="dx\d3dx10mesh.h">
      <Filter>Resource Files\INCLUDE</Filter>
    </ClInclude>
    <ClInclude Include="dx\d3dx10tex.h">
      <Filter>Resource Files\INCLUDE</Filter>
    </ClInclude>
    <ClInclude Include="dx\d3dx11.h">
      <Filter>Resource Files\INCLUDE</Filter>
    </ClInclude>
    <ClInclude Include="dx\d3dx11async.h">
      <Filter>Resource Files\INCLUDE</Filter>
    </ClInclude>
    <ClInclude Include="dx\d3dx11core.h">
      <Filter>Resource Files\INCLUDE</Filter>
    </ClInclude>
    <ClInclude Include="dx\d3dx11tex.h">
      <Filter>Resource Files\INCLUDE</Filter>
    </ClInclude>
    <ClInclude Include="dx\dcommon.h">
      <Filter>Resource Files\INCLUDE</Filter>
    </ClInclude>
    <ClInclude Include="dx\dcomp.h">
      <Filter>Resource Files\INCLUDE</Filter>
    </ClInclude>
    <ClInclude Include="dx\dcompanimation.h">
      <Filter>Resource Files\INCLUDE</Filter>
    </ClInclude>
    <ClInclude Include="dx\dcomptypes.h">
      <Filter>Resource Files\INCLUDE</Filter>
    </ClInclude>
    <ClInclude Include="dx\ddraw.h">
      <Filter>Resource Files\INCLUDE</Filter>
    </ClInclude>
    <ClInclude Include="drawingMethods.h">
      <Filter>Resource Files\INCLUDE</Filter>
    </ClInclude>
    <ClInclude Include="dx\dwrite.h">
      <Filter>Resource Files\INCLUDE</Filter>
    </ClInclude>
    <ClInclude Include="dx\dwrite_1.h">
      <Filter>Resource Files\INCLUDE</Filter>
    </ClInclude>
    <ClInclude Include="dx\dwrite_2.h">
      <Filter>Resource Files\INCLUDE</Filter>
    </ClInclude>
    <ClInclude Include="dx\dwrite_3.h">
      <Filter>Resource Files\INCLUDE</Filter>
    </ClInclude>
    <ClInclude Include="dx\dxgi.h">
      <Filter>Resource Files\INCLUDE</Filter>
    </ClInclude>
    <ClInclude Include="dx\dxgi1_2.h">
      <Filter>Resource Files\INCLUDE</Filter>
    </ClInclude>
    <ClInclude Include="dx\dxgi1_3.h">
      <Filter>Resource Files\INCLUDE</Filter>
    </ClInclude>
    <ClInclude Include="dx\dxgi1_4.h">
      <Filter>Resource Files\INCLUDE</Filter>
    </ClInclude>
    <ClInclude Include="dx\dxgi1_5.h">
      <Filter>Resource Files\INCLUDE</Filter>
    </ClInclude>
    <ClInclude Include="dx\dxgi1_6.h">
      <Filter>Resource Files\INCLUDE</Filter>
    </ClInclude>
    <ClInclude Include="dx\dxgicommon.h">
      <Filter>Resource Files\INCLUDE</Filter>
    </ClInclude>
    <ClInclude Include="dx\dxgidebug.h">
      <Filter>Resource Files\INCLUDE</Filter>
    </ClInclude>
    <ClInclude Include="dx\dxgiformat.h">
      <Filter>Resource Files\INCLUDE</Filter>
    </ClInclude>
    <ClInclude Include="dx\dxgitype.h">
      <Filter>Resource Files\INCLUDE</Filter>
    </ClInclude>
    <ClInclude Include="dx\dxva2api.h">
      <Filter>Resource Files\INCLUDE</Filter>
    </ClInclude>
    <ClInclude Include="imgui\imconfig.h">
      <Filter>Resource Files\INCLUDE</Filter>
    </ClInclude>
    <ClInclude Include="imgui\imgui.h">
      <Filter>Resource Files\INCLUDE</Filter>
    </ClInclude>
    <ClInclude Include="imgui\imgui_impl_dx9.h">
      <Filter>Resource Files\INCLUDE</Filter>
    </ClInclude>
    <ClInclude Include="imgui\imgui_impl_win32.h">
      <Filter>Resource Files\INCLUDE</Filter>
    </ClInclude>
    <ClInclude Include="imgui\imgui_internal.h">
      <Filter>Resource Files\INCLUDE</Filter>
    </ClInclude>
    <ClInclude Include="imgui\imstb_rectpack.h">
      <Filter>Resource Files\INCLUDE</Filter>
    </ClInclude>
    <ClInclude Include="imgui\imstb_textedit.h">
      <Filter>Resource Files\INCLUDE</Filter>
    </ClInclude>
    <ClInclude Include="DIRECTX_IMPLEMENT.h">
      <Filter>Header Files</Filter>
    </ClInclude>
  </ItemGroup>
  <ItemGroup>
    <None Include="dx\d3dvec.inl">
      <Filter>Resource Files\INCLUDE</Filter>
    </None>
    <None Include="dx\d3dx_dxgiformatconvert.inl">
      <Filter>Resource Files\INCLUDE</Filter>
    </None>
    <None Include="dx\d3dx9math.inl">
      <Filter>Resource Files\INCLUDE</Filter>
    </None>
    <None Include="dx\d3dx10math.inl">
      <Filter>Resource Files\INCLUDE</Filter>
    </None>
  </ItemGroup>
</Project>